
Microsoft Visual Studio Solution File, Format Version 12.00
# Visual Studio 2013
VisualStudioVersion = 12.0.31101.0
MinimumVisualStudioVersion = 10.0.40219.1
Project("{FAE04EC0-301F-11D3-BF4B-00C04F79EFBC}") = "TodoNancy", "TodoNancy\TodoNancy.csproj", "{3EFC9ABF-0621-43D9-B673-DE02EE016AD6}"
EndProject
Project("{FAE04EC0-301F-11D3-BF4B-00C04F79EFBC}") = "TodoNancy.Tests", "TodoNancy.Tests\TodoNancy.Tests.csproj", "{17F3CCF3-C07A-4F48-9E66-04E7A3746EED}"
EndProject
Project("{FAE04EC0-301F-11D3-BF4B-00C04F79EFBC}") = "TodoNancyAspNet", "TodoNancyAspNet\TodoNancyAspNet.csproj", "{6583E6F8-390A-4E07-906D-5B31190206DC}"
EndProject
Project("{FAE04EC0-301F-11D3-BF4B-00C04F79EFBC}") = "TodoNancySelfHost", "TodoNancySelfHost\TodoNancySelfHost.csproj", "{6009A604-812F-41E0-B97D-14D34C3FD26A}"
EndProject
Project("{2150E333-8FDC-42A3-9474-1A3956D46DE8}") = ".nuget", ".nuget", "{426D7FEE-D6F8-4F9A-83FA-6A08DCEE451E}"
	ProjectSection(SolutionItems) = preProject
		.nuget\NuGet.Config = .nuget\NuGet.Config
		.nuget\NuGet.exe = .nuget\NuGet.exe
		.nuget\NuGet.targets = .nuget\NuGet.targets
	EndProjectSection
EndProject
Global
	GlobalSection(SolutionConfigurationPlatforms) = preSolution
		Debug|Any CPU = Debug|Any CPU
		Release|Any CPU = Release|Any CPU
	EndGlobalSection
	GlobalSection(ProjectConfigurationPlatforms) = postSolution
		{3EFC9ABF-0621-43D9-B673-DE02EE016AD6}.Debug|Any CPU.ActiveCfg = Debug|Any CPU
		{3EFC9ABF-0621-43D9-B673-DE02EE016AD6}.Debug|Any CPU.Build.0 = Debug|Any CPU
		{3EFC9ABF-0621-43D9-B673-DE02EE016AD6}.Release|Any CPU.ActiveCfg = Release|Any CPU
		{3EFC9ABF-0621-43D9-B673-DE02EE016AD6}.Release|Any CPU.Build.0 = Release|Any CPU
		{17F3CCF3-C07A-4F48-9E66-04E7A3746EED}.Debug|Any CPU.ActiveCfg = Debug|Any CPU
		{17F3CCF3-C07A-4F48-9E66-04E7A3746EED}.Debug|Any CPU.Build.0 = Debug|Any CPU
		{17F3CCF3-C07A-4F48-9E66-04E7A3746EED}.Release|Any CPU.ActiveCfg = Release|Any CPU
		{17F3CCF3-C07A-4F48-9E66-04E7A3746EED}.Release|Any CPU.Build.0 = Release|Any CPU
		{6583E6F8-390A-4E07-906D-5B31190206DC}.Debug|Any CPU.ActiveCfg = Debug|Any CPU
		{6583E6F8-390A-4E07-906D-5B31190206DC}.Debug|Any CPU.Build.0 = Debug|Any CPU
		{6583E6F8-390A-4E07-906D-5B31190206DC}.Release|Any CPU.ActiveCfg = Release|Any CPU
		{6583E6F8-390A-4E07-906D-5B31190206DC}.Release|Any CPU.Build.0 = Release|Any CPU
		{6009A604-812F-41E0-B97D-14D34C3FD26A}.Debug|Any CPU.ActiveCfg = Debug|Any CPU
		{6009A604-812F-41E0-B97D-14D34C3FD26A}.Debug|Any CPU.Build.0 = Debug|Any CPU
		{6009A604-812F-41E0-B97D-14D34C3FD26A}.Release|Any CPU.ActiveCfg = Release|Any CPU
		{6009A604-812F-41E0-B97D-14D34C3FD26A}.Release|Any CPU.Build.0 = Release|Any CPU
	EndGlobalSection
	GlobalSection(SolutionProperties) = preSolution
		HideSolutionNode = FALSE
	EndGlobalSection
EndGlobal
